// !$*UTF8*$!
{
	archiveVersion = 1;
	classes = {
	};
	objectVersion = 50;
	objects = {

/* Begin PBXBuildFile section */
		331F360E25754AC100E42D73 /* Scryfall.swift in Sources */ = {isa = PBXBuildFile; fileRef = 331F360D25754AC100E42D73 /* Scryfall.swift */; };
		331F360F25754AC100E42D73 /* Scryfall.swift in Sources */ = {isa = PBXBuildFile; fileRef = 331F360D25754AC100E42D73 /* Scryfall.swift */; };
		331F361D257578E900E42D73 /* APIClient.swift in Sources */ = {isa = PBXBuildFile; fileRef = 331F361C257578E900E42D73 /* APIClient.swift */; };
		331F361E257578E900E42D73 /* APIClient.swift in Sources */ = {isa = PBXBuildFile; fileRef = 331F361C257578E900E42D73 /* APIClient.swift */; };
		331F362425768DFA00E42D73 /* CardSearchViewModel.swift in Sources */ = {isa = PBXBuildFile; fileRef = 331F362325768DFA00E42D73 /* CardSearchViewModel.swift */; };
		331F362525768DFA00E42D73 /* CardSearchViewModel.swift in Sources */ = {isa = PBXBuildFile; fileRef = 331F362325768DFA00E42D73 /* CardSearchViewModel.swift */; };
		331F362B25768E4600E42D73 /* ScryFallAPI.swift in Sources */ = {isa = PBXBuildFile; fileRef = 331F362A25768E4600E42D73 /* ScryFallAPI.swift */; };
		331F362C25768E4600E42D73 /* ScryFallAPI.swift in Sources */ = {isa = PBXBuildFile; fileRef = 331F362A25768E4600E42D73 /* ScryFallAPI.swift */; };
		331F3636257690CA00E42D73 /* SearchForm.swift in Sources */ = {isa = PBXBuildFile; fileRef = 331F3635257690CA00E42D73 /* SearchForm.swift */; };
		331F3637257690CA00E42D73 /* SearchForm.swift in Sources */ = {isa = PBXBuildFile; fileRef = 331F3635257690CA00E42D73 /* SearchForm.swift */; };
		332FA1602566B3A200D0957A /* Tests_iOS.swift in Sources */ = {isa = PBXBuildFile; fileRef = 332FA15F2566B3A200D0957A /* Tests_iOS.swift */; };
		332FA16B2566B3A200D0957A /* Tests_macOS.swift in Sources */ = {isa = PBXBuildFile; fileRef = 332FA16A2566B3A200D0957A /* Tests_macOS.swift */; };
		332FA16D2566B3A200D0957A /* mtgcubeanalyzerApp.swift in Sources */ = {isa = PBXBuildFile; fileRef = 332FA1442566B39F00D0957A /* mtgcubeanalyzerApp.swift */; };
		332FA16E2566B3A200D0957A /* mtgcubeanalyzerApp.swift in Sources */ = {isa = PBXBuildFile; fileRef = 332FA1442566B39F00D0957A /* mtgcubeanalyzerApp.swift */; };
		332FA1712566B3A200D0957A /* Assets.xcassets in Resources */ = {isa = PBXBuildFile; fileRef = 332FA1462566B3A200D0957A /* Assets.xcassets */; };
		332FA1722566B3A200D0957A /* Assets.xcassets in Resources */ = {isa = PBXBuildFile; fileRef = 332FA1462566B3A200D0957A /* Assets.xcassets */; };
		332FA1A32567576800D0957A /* Cube.swift in Sources */ = {isa = PBXBuildFile; fileRef = 332FA1A22567576800D0957A /* Cube.swift */; };
		332FA1DE25675C5600D0957A /* ArchetypeRow.swift in Sources */ = {isa = PBXBuildFile; fileRef = 332FA1DD25675C5600D0957A /* ArchetypeRow.swift */; };
		332FA1DF25675C5600D0957A /* ArchetypeRow.swift in Sources */ = {isa = PBXBuildFile; fileRef = 332FA1DD25675C5600D0957A /* ArchetypeRow.swift */; };
		334A3D9E2567EFEF007DA236 /* Cube.swift in Sources */ = {isa = PBXBuildFile; fileRef = 332FA1A22567576800D0957A /* Cube.swift */; };
		334A3DB0256B3E9F007DA236 /* ArchetypeList.swift in Sources */ = {isa = PBXBuildFile; fileRef = 334A3DAF256B3E9F007DA236 /* ArchetypeList.swift */; };
		334A3DB1256B3E9F007DA236 /* ArchetypeList.swift in Sources */ = {isa = PBXBuildFile; fileRef = 334A3DAF256B3E9F007DA236 /* ArchetypeList.swift */; };
		334A3DB7256B4326007DA236 /* CardList.swift in Sources */ = {isa = PBXBuildFile; fileRef = 334A3DB6256B4326007DA236 /* CardList.swift */; };
		334A3DB8256B4326007DA236 /* CardList.swift in Sources */ = {isa = PBXBuildFile; fileRef = 334A3DB6256B4326007DA236 /* CardList.swift */; };
		334A3DBE256B434E007DA236 /* CardDetail.swift in Sources */ = {isa = PBXBuildFile; fileRef = 334A3DBD256B434E007DA236 /* CardDetail.swift */; };
		334A3DBF256B434E007DA236 /* CardDetail.swift in Sources */ = {isa = PBXBuildFile; fileRef = 334A3DBD256B434E007DA236 /* CardDetail.swift */; };
		334A3DC5256B4A85007DA236 /* CardRow.swift in Sources */ = {isa = PBXBuildFile; fileRef = 334A3DC4256B4A85007DA236 /* CardRow.swift */; };
		334A3DC6256B4A85007DA236 /* CardRow.swift in Sources */ = {isa = PBXBuildFile; fileRef = 334A3DC4256B4A85007DA236 /* CardRow.swift */; };
		3380ACB3256DE197006C51E1 /* UserData.swift in Sources */ = {isa = PBXBuildFile; fileRef = 3380ACB2256DE197006C51E1 /* UserData.swift */; };
		3380ACB4256DE197006C51E1 /* UserData.swift in Sources */ = {isa = PBXBuildFile; fileRef = 3380ACB2256DE197006C51E1 /* UserData.swift */; };
		3380ACBF256DE309006C51E1 /* exampleCube.json in Resources */ = {isa = PBXBuildFile; fileRef = 3380ACBE256DE309006C51E1 /* exampleCube.json */; };
		3380ACC0256DE309006C51E1 /* exampleCube.json in Resources */ = {isa = PBXBuildFile; fileRef = 3380ACBE256DE309006C51E1 /* exampleCube.json */; };
		3380ACCA256DE5AC006C51E1 /* Data.swift in Sources */ = {isa = PBXBuildFile; fileRef = 3380ACC9256DE5AC006C51E1 /* Data.swift */; };
		3380ACCB256DE5AC006C51E1 /* Data.swift in Sources */ = {isa = PBXBuildFile; fileRef = 3380ACC9256DE5AC006C51E1 /* Data.swift */; };
/* End PBXBuildFile section */

/* Begin PBXContainerItemProxy section */
		332FA15C2566B3A200D0957A /* PBXContainerItemProxy */ = {
			isa = PBXContainerItemProxy;
			containerPortal = 332FA13F2566B39F00D0957A /* Project object */;
			proxyType = 1;
			remoteGlobalIDString = 332FA14A2566B3A200D0957A;
			remoteInfo = "mtgcubeanalyzer (iOS)";
		};
		332FA1672566B3A200D0957A /* PBXContainerItemProxy */ = {
			isa = PBXContainerItemProxy;
			containerPortal = 332FA13F2566B39F00D0957A /* Project object */;
			proxyType = 1;
			remoteGlobalIDString = 332FA1522566B3A200D0957A;
			remoteInfo = "mtgcubeanalyzer (macOS)";
		};
/* End PBXContainerItemProxy section */

/* Begin PBXFileReference section */
		331F360D25754AC100E42D73 /* Scryfall.swift */ = {isa = PBXFileReference; lastKnownFileType = sourcecode.swift; path = Scryfall.swift; sourceTree = "<group>"; };
		331F361C257578E900E42D73 /* APIClient.swift */ = {isa = PBXFileReference; lastKnownFileType = sourcecode.swift; path = APIClient.swift; sourceTree = "<group>"; };
		331F362325768DFA00E42D73 /* CardSearchViewModel.swift */ = {isa = PBXFileReference; lastKnownFileType = sourcecode.swift; path = CardSearchViewModel.swift; sourceTree = "<group>"; };
		331F362A25768E4600E42D73 /* ScryFallAPI.swift */ = {isa = PBXFileReference; lastKnownFileType = sourcecode.swift; path = ScryFallAPI.swift; sourceTree = "<group>"; };
		331F3635257690CA00E42D73 /* SearchForm.swift */ = {isa = PBXFileReference; lastKnownFileType = sourcecode.swift; path = SearchForm.swift; sourceTree = "<group>"; };
		332FA1442566B39F00D0957A /* mtgcubeanalyzerApp.swift */ = {isa = PBXFileReference; lastKnownFileType = sourcecode.swift; path = mtgcubeanalyzerApp.swift; sourceTree = "<group>"; };
		332FA1462566B3A200D0957A /* Assets.xcassets */ = {isa = PBXFileReference; lastKnownFileType = folder.assetcatalog; path = Assets.xcassets; sourceTree = "<group>"; };
		332FA14B2566B3A200D0957A /* mtgcubeanalyzer.app */ = {isa = PBXFileReference; explicitFileType = wrapper.application; includeInIndex = 0; path = mtgcubeanalyzer.app; sourceTree = BUILT_PRODUCTS_DIR; };
		332FA14E2566B3A200D0957A /* Info.plist */ = {isa = PBXFileReference; lastKnownFileType = text.plist.xml; path = Info.plist; sourceTree = "<group>"; };
		332FA1532566B3A200D0957A /* mtgcubeanalyzer.app */ = {isa = PBXFileReference; explicitFileType = wrapper.application; includeInIndex = 0; path = mtgcubeanalyzer.app; sourceTree = BUILT_PRODUCTS_DIR; };
		332FA1552566B3A200D0957A /* Info.plist */ = {isa = PBXFileReference; lastKnownFileType = text.plist.xml; path = Info.plist; sourceTree = "<group>"; };
		332FA1562566B3A200D0957A /* macOS.entitlements */ = {isa = PBXFileReference; lastKnownFileType = text.plist.entitlements; path = macOS.entitlements; sourceTree = "<group>"; };
		332FA15B2566B3A200D0957A /* Tests iOS.xctest */ = {isa = PBXFileReference; explicitFileType = wrapper.cfbundle; includeInIndex = 0; path = "Tests iOS.xctest"; sourceTree = BUILT_PRODUCTS_DIR; };
		332FA15F2566B3A200D0957A /* Tests_iOS.swift */ = {isa = PBXFileReference; lastKnownFileType = sourcecode.swift; path = Tests_iOS.swift; sourceTree = "<group>"; };
		332FA1612566B3A200D0957A /* Info.plist */ = {isa = PBXFileReference; lastKnownFileType = text.plist.xml; path = Info.plist; sourceTree = "<group>"; };
		332FA1662566B3A200D0957A /* Tests macOS.xctest */ = {isa = PBXFileReference; explicitFileType = wrapper.cfbundle; includeInIndex = 0; path = "Tests macOS.xctest"; sourceTree = BUILT_PRODUCTS_DIR; };
		332FA16A2566B3A200D0957A /* Tests_macOS.swift */ = {isa = PBXFileReference; lastKnownFileType = sourcecode.swift; path = Tests_macOS.swift; sourceTree = "<group>"; };
		332FA16C2566B3A200D0957A /* Info.plist */ = {isa = PBXFileReference; lastKnownFileType = text.plist.xml; path = Info.plist; sourceTree = "<group>"; };
		332FA1A22567576800D0957A /* Cube.swift */ = {isa = PBXFileReference; lastKnownFileType = sourcecode.swift; path = Cube.swift; sourceTree = "<group>"; };
		332FA1DD25675C5600D0957A /* ArchetypeRow.swift */ = {isa = PBXFileReference; lastKnownFileType = sourcecode.swift; path = ArchetypeRow.swift; sourceTree = "<group>"; };
		334A3DAF256B3E9F007DA236 /* ArchetypeList.swift */ = {isa = PBXFileReference; lastKnownFileType = sourcecode.swift; path = ArchetypeList.swift; sourceTree = "<group>"; };
		334A3DB6256B4326007DA236 /* CardList.swift */ = {isa = PBXFileReference; lastKnownFileType = sourcecode.swift; path = CardList.swift; sourceTree = "<group>"; };
		334A3DBD256B434E007DA236 /* CardDetail.swift */ = {isa = PBXFileReference; lastKnownFileType = sourcecode.swift; path = CardDetail.swift; sourceTree = "<group>"; };
		334A3DC4256B4A85007DA236 /* CardRow.swift */ = {isa = PBXFileReference; lastKnownFileType = sourcecode.swift; path = CardRow.swift; sourceTree = "<group>"; };
		3380ACB2256DE197006C51E1 /* UserData.swift */ = {isa = PBXFileReference; lastKnownFileType = sourcecode.swift; path = UserData.swift; sourceTree = "<group>"; };
		3380ACBE256DE309006C51E1 /* exampleCube.json */ = {isa = PBXFileReference; lastKnownFileType = text.json; path = exampleCube.json; sourceTree = "<group>"; };
		3380ACC9256DE5AC006C51E1 /* Data.swift */ = {isa = PBXFileReference; lastKnownFileType = sourcecode.swift; path = Data.swift; sourceTree = "<group>"; };
/* End PBXFileReference section */

/* Begin PBXFrameworksBuildPhase section */
		332FA1482566B3A200D0957A /* Frameworks */ = {
			isa = PBXFrameworksBuildPhase;
			buildActionMask = 2147483647;
			files = (
			);
			runOnlyForDeploymentPostprocessing = 0;
		};
		332FA1502566B3A200D0957A /* Frameworks */ = {
			isa = PBXFrameworksBuildPhase;
			buildActionMask = 2147483647;
			files = (
			);
			runOnlyForDeploymentPostprocessing = 0;
		};
		332FA1582566B3A200D0957A /* Frameworks */ = {
			isa = PBXFrameworksBuildPhase;
			buildActionMask = 2147483647;
			files = (
			);
			runOnlyForDeploymentPostprocessing = 0;
		};
		332FA1632566B3A200D0957A /* Frameworks */ = {
			isa = PBXFrameworksBuildPhase;
			buildActionMask = 2147483647;
			files = (
			);
			runOnlyForDeploymentPostprocessing = 0;
		};
/* End PBXFrameworksBuildPhase section */

/* Begin PBXGroup section */
		332FA13E2566B39F00D0957A = {
			isa = PBXGroup;
			children = (
				332FA1432566B39F00D0957A /* Shared */,
				332FA14D2566B3A200D0957A /* iOS */,
				332FA1542566B3A200D0957A /* macOS */,
				332FA15E2566B3A200D0957A /* Tests iOS */,
				332FA1692566B3A200D0957A /* Tests macOS */,
				332FA14C2566B3A200D0957A /* Products */,
			);
			sourceTree = "<group>";
		};
		332FA1432566B39F00D0957A /* Shared */ = {
			isa = PBXGroup;
			children = (
				3380ACBD256DE2DD006C51E1 /* Resources */,
				332FA1BD25675B7000D0957A /* Views */,
				332FA1B225675A9A00D0957A /* Services */,
				332FA1A12567574100D0957A /* Models */,
				332FA1442566B39F00D0957A /* mtgcubeanalyzerApp.swift */,
				332FA1462566B3A200D0957A /* Assets.xcassets */,
			);
			path = Shared;
			sourceTree = "<group>";
		};
		332FA14C2566B3A200D0957A /* Products */ = {
			isa = PBXGroup;
			children = (
				332FA14B2566B3A200D0957A /* mtgcubeanalyzer.app */,
				332FA1532566B3A200D0957A /* mtgcubeanalyzer.app */,
				332FA15B2566B3A200D0957A /* Tests iOS.xctest */,
				332FA1662566B3A200D0957A /* Tests macOS.xctest */,
			);
			name = Products;
			sourceTree = "<group>";
		};
		332FA14D2566B3A200D0957A /* iOS */ = {
			isa = PBXGroup;
			children = (
				332FA14E2566B3A200D0957A /* Info.plist */,
			);
			path = iOS;
			sourceTree = "<group>";
		};
		332FA1542566B3A200D0957A /* macOS */ = {
			isa = PBXGroup;
			children = (
				332FA1552566B3A200D0957A /* Info.plist */,
				332FA1562566B3A200D0957A /* macOS.entitlements */,
			);
			path = macOS;
			sourceTree = "<group>";
		};
		332FA15E2566B3A200D0957A /* Tests iOS */ = {
			isa = PBXGroup;
			children = (
				332FA15F2566B3A200D0957A /* Tests_iOS.swift */,
				332FA1612566B3A200D0957A /* Info.plist */,
			);
			path = "Tests iOS";
			sourceTree = "<group>";
		};
		332FA1692566B3A200D0957A /* Tests macOS */ = {
			isa = PBXGroup;
			children = (
				332FA16A2566B3A200D0957A /* Tests_macOS.swift */,
				332FA16C2566B3A200D0957A /* Info.plist */,
			);
			path = "Tests macOS";
			sourceTree = "<group>";
		};
		332FA1A12567574100D0957A /* Models */ = {
			isa = PBXGroup;
			children = (
				332FA1A22567576800D0957A /* Cube.swift */,
				3380ACB2256DE197006C51E1 /* UserData.swift */,
				3380ACC9256DE5AC006C51E1 /* Data.swift */,
				331F360D25754AC100E42D73 /* Scryfall.swift */,
				331F362325768DFA00E42D73 /* CardSearchViewModel.swift */,
			);
			path = Models;
			sourceTree = "<group>";
		};
		332FA1B225675A9A00D0957A /* Services */ = {
			isa = PBXGroup;
			children = (
				331F361C257578E900E42D73 /* APIClient.swift */,
				331F362A25768E4600E42D73 /* ScryFallAPI.swift */,
			);
			path = Services;
			sourceTree = "<group>";
		};
		332FA1BD25675B7000D0957A /* Views */ = {
			isa = PBXGroup;
			children = (
				332FA1DD25675C5600D0957A /* ArchetypeRow.swift */,
				334A3DAF256B3E9F007DA236 /* ArchetypeList.swift */,
				334A3DB6256B4326007DA236 /* CardList.swift */,
				334A3DBD256B434E007DA236 /* CardDetail.swift */,
				334A3DC4256B4A85007DA236 /* CardRow.swift */,
				331F3635257690CA00E42D73 /* SearchForm.swift */,
			);
			path = Views;
			sourceTree = "<group>";
		};
		3380ACBD256DE2DD006C51E1 /* Resources */ = {
			isa = PBXGroup;
			children = (
				3380ACBE256DE309006C51E1 /* exampleCube.json */,
			);
			path = Resources;
			sourceTree = "<group>";
		};
/* End PBXGroup section */

/* Begin PBXNativeTarget section */
		332FA14A2566B3A200D0957A /* mtgcubeanalyzer (iOS) */ = {
			isa = PBXNativeTarget;
			buildConfigurationList = 332FA1752566B3A200D0957A /* Build configuration list for PBXNativeTarget "mtgcubeanalyzer (iOS)" */;
			buildPhases = (
				332FA1472566B3A200D0957A /* Sources */,
				332FA1482566B3A200D0957A /* Frameworks */,
				332FA1492566B3A200D0957A /* Resources */,
			);
			buildRules = (
			);
			dependencies = (
			);
			name = "mtgcubeanalyzer (iOS)";
			productName = "mtgcubeanalyzer (iOS)";
			productReference = 332FA14B2566B3A200D0957A /* mtgcubeanalyzer.app */;
			productType = "com.apple.product-type.application";
		};
		332FA1522566B3A200D0957A /* mtgcubeanalyzer (macOS) */ = {
			isa = PBXNativeTarget;
			buildConfigurationList = 332FA1782566B3A200D0957A /* Build configuration list for PBXNativeTarget "mtgcubeanalyzer (macOS)" */;
			buildPhases = (
				332FA14F2566B3A200D0957A /* Sources */,
				332FA1502566B3A200D0957A /* Frameworks */,
				332FA1512566B3A200D0957A /* Resources */,
			);
			buildRules = (
			);
			dependencies = (
			);
			name = "mtgcubeanalyzer (macOS)";
			productName = "mtgcubeanalyzer (macOS)";
			productReference = 332FA1532566B3A200D0957A /* mtgcubeanalyzer.app */;
			productType = "com.apple.product-type.application";
		};
		332FA15A2566B3A200D0957A /* Tests iOS */ = {
			isa = PBXNativeTarget;
			buildConfigurationList = 332FA17B2566B3A200D0957A /* Build configuration list for PBXNativeTarget "Tests iOS" */;
			buildPhases = (
				332FA1572566B3A200D0957A /* Sources */,
				332FA1582566B3A200D0957A /* Frameworks */,
				332FA1592566B3A200D0957A /* Resources */,
			);
			buildRules = (
			);
			dependencies = (
				332FA15D2566B3A200D0957A /* PBXTargetDependency */,
			);
			name = "Tests iOS";
			productName = "Tests iOS";
			productReference = 332FA15B2566B3A200D0957A /* Tests iOS.xctest */;
			productType = "com.apple.product-type.bundle.ui-testing";
		};
		332FA1652566B3A200D0957A /* Tests macOS */ = {
			isa = PBXNativeTarget;
			buildConfigurationList = 332FA17E2566B3A200D0957A /* Build configuration list for PBXNativeTarget "Tests macOS" */;
			buildPhases = (
				332FA1622566B3A200D0957A /* Sources */,
				332FA1632566B3A200D0957A /* Frameworks */,
				332FA1642566B3A200D0957A /* Resources */,
			);
			buildRules = (
			);
			dependencies = (
				332FA1682566B3A200D0957A /* PBXTargetDependency */,
			);
			name = "Tests macOS";
			productName = "Tests macOS";
			productReference = 332FA1662566B3A200D0957A /* Tests macOS.xctest */;
			productType = "com.apple.product-type.bundle.ui-testing";
		};
/* End PBXNativeTarget section */

/* Begin PBXProject section */
		332FA13F2566B39F00D0957A /* Project object */ = {
			isa = PBXProject;
			attributes = {
				LastSwiftUpdateCheck = 1220;
				LastUpgradeCheck = 1220;
				TargetAttributes = {
					332FA14A2566B3A200D0957A = {
						CreatedOnToolsVersion = 12.2;
					};
					332FA1522566B3A200D0957A = {
						CreatedOnToolsVersion = 12.2;
					};
					332FA15A2566B3A200D0957A = {
						CreatedOnToolsVersion = 12.2;
						TestTargetID = 332FA14A2566B3A200D0957A;
					};
					332FA1652566B3A200D0957A = {
						CreatedOnToolsVersion = 12.2;
						TestTargetID = 332FA1522566B3A200D0957A;
					};
				};
			};
			buildConfigurationList = 332FA1422566B39F00D0957A /* Build configuration list for PBXProject "mtgcubeanalyzer" */;
			compatibilityVersion = "Xcode 9.3";
			developmentRegion = en;
			hasScannedForEncodings = 0;
			knownRegions = (
				en,
				Base,
			);
			mainGroup = 332FA13E2566B39F00D0957A;
			productRefGroup = 332FA14C2566B3A200D0957A /* Products */;
			projectDirPath = "";
			projectRoot = "";
			targets = (
				332FA14A2566B3A200D0957A /* mtgcubeanalyzer (iOS) */,
				332FA1522566B3A200D0957A /* mtgcubeanalyzer (macOS) */,
				332FA15A2566B3A200D0957A /* Tests iOS */,
				332FA1652566B3A200D0957A /* Tests macOS */,
			);
		};
/* End PBXProject section */

/* Begin PBXResourcesBuildPhase section */
		332FA1492566B3A200D0957A /* Resources */ = {
			isa = PBXResourcesBuildPhase;
			buildActionMask = 2147483647;
			files = (
				332FA1712566B3A200D0957A /* Assets.xcassets in Resources */,
				3380ACBF256DE309006C51E1 /* exampleCube.json in Resources */,
			);
			runOnlyForDeploymentPostprocessing = 0;
		};
		332FA1512566B3A200D0957A /* Resources */ = {
			isa = PBXResourcesBuildPhase;
			buildActionMask = 2147483647;
			files = (
				332FA1722566B3A200D0957A /* Assets.xcassets in Resources */,
				3380ACC0256DE309006C51E1 /* exampleCube.json in Resources */,
			);
			runOnlyForDeploymentPostprocessing = 0;
		};
		332FA1592566B3A200D0957A /* Resources */ = {
			isa = PBXResourcesBuildPhase;
			buildActionMask = 2147483647;
			files = (
			);
			runOnlyForDeploymentPostprocessing = 0;
		};
		332FA1642566B3A200D0957A /* Resources */ = {
			isa = PBXResourcesBuildPhase;
			buildActionMask = 2147483647;
			files = (
			);
			runOnlyForDeploymentPostprocessing = 0;
		};
/* End PBXResourcesBuildPhase section */

/* Begin PBXSourcesBuildPhase section */
		332FA1472566B3A200D0957A /* Sources */ = {
			isa = PBXSourcesBuildPhase;
			buildActionMask = 2147483647;
			files = (
				334A3DC5256B4A85007DA236 /* CardRow.swift in Sources */,
				332FA16D2566B3A200D0957A /* mtgcubeanalyzerApp.swift in Sources */,
				3380ACCA256DE5AC006C51E1 /* Data.swift in Sources */,
				3380ACB3256DE197006C51E1 /* UserData.swift in Sources */,
				334A3DB0256B3E9F007DA236 /* ArchetypeList.swift in Sources */,
				331F362425768DFA00E42D73 /* CardSearchViewModel.swift in Sources */,
				332FA1DE25675C5600D0957A /* ArchetypeRow.swift in Sources */,
				331F3636257690CA00E42D73 /* SearchForm.swift in Sources */,
				332FA1A32567576800D0957A /* Cube.swift in Sources */,
				331F361D257578E900E42D73 /* APIClient.swift in Sources */,
				331F360E25754AC100E42D73 /* Scryfall.swift in Sources */,
				334A3DB7256B4326007DA236 /* CardList.swift in Sources */,
				331F362B25768E4600E42D73 /* ScryFallAPI.swift in Sources */,
				334A3DBE256B434E007DA236 /* CardDetail.swift in Sources */,
			);
			runOnlyForDeploymentPostprocessing = 0;
		};
		332FA14F2566B3A200D0957A /* Sources */ = {
			isa = PBXSourcesBuildPhase;
			buildActionMask = 2147483647;
			files = (
				334A3D9E2567EFEF007DA236 /* Cube.swift in Sources */,
				334A3DC6256B4A85007DA236 /* CardRow.swift in Sources */,
				3380ACCB256DE5AC006C51E1 /* Data.swift in Sources */,
				3380ACB4256DE197006C51E1 /* UserData.swift in Sources */,
				334A3DB1256B3E9F007DA236 /* ArchetypeList.swift in Sources */,
				331F362525768DFA00E42D73 /* CardSearchViewModel.swift in Sources */,
				332FA1DF25675C5600D0957A /* ArchetypeRow.swift in Sources */,
				331F3637257690CA00E42D73 /* SearchForm.swift in Sources */,
				332FA16E2566B3A200D0957A /* mtgcubeanalyzerApp.swift in Sources */,
				331F361E257578E900E42D73 /* APIClient.swift in Sources */,
				331F360F25754AC100E42D73 /* Scryfall.swift in Sources */,
				334A3DB8256B4326007DA236 /* CardList.swift in Sources */,
				331F362C25768E4600E42D73 /* ScryFallAPI.swift in Sources */,
				334A3DBF256B434E007DA236 /* CardDetail.swift in Sources */,
			);
			runOnlyForDeploymentPostprocessing = 0;
		};
		332FA1572566B3A200D0957A /* Sources */ = {
			isa = PBXSourcesBuildPhase;
			buildActionMask = 2147483647;
			files = (
				332FA1602566B3A200D0957A /* Tests_iOS.swift in Sources */,
			);
			runOnlyForDeploymentPostprocessing = 0;
		};
		332FA1622566B3A200D0957A /* Sources */ = {
			isa = PBXSourcesBuildPhase;
			buildActionMask = 2147483647;
			files = (
				332FA16B2566B3A200D0957A /* Tests_macOS.swift in Sources */,
			);
			runOnlyForDeploymentPostprocessing = 0;
		};
/* End PBXSourcesBuildPhase section */

/* Begin PBXTargetDependency section */
		332FA15D2566B3A200D0957A /* PBXTargetDependency */ = {
			isa = PBXTargetDependency;
			target = 332FA14A2566B3A200D0957A /* mtgcubeanalyzer (iOS) */;
			targetProxy = 332FA15C2566B3A200D0957A /* PBXContainerItemProxy */;
		};
		332FA1682566B3A200D0957A /* PBXTargetDependency */ = {
			isa = PBXTargetDependency;
			target = 332FA1522566B3A200D0957A /* mtgcubeanalyzer (macOS) */;
			targetProxy = 332FA1672566B3A200D0957A /* PBXContainerItemProxy */;
		};
/* End PBXTargetDependency section */

/* Begin XCBuildConfiguration section */
		332FA1732566B3A200D0957A /* Debug */ = {
			isa = XCBuildConfiguration;
			buildSettings = {
				ALWAYS_SEARCH_USER_PATHS = NO;
				CLANG_ANALYZER_NONNULL = YES;
				CLANG_ANALYZER_NUMBER_OBJECT_CONVERSION = YES_AGGRESSIVE;
				CLANG_CXX_LANGUAGE_STANDARD = "gnu++14";
				CLANG_CXX_LIBRARY = "libc++";
				CLANG_ENABLE_MODULES = YES;
				CLANG_ENABLE_OBJC_ARC = YES;
				CLANG_ENABLE_OBJC_WEAK = YES;
				CLANG_WARN_BLOCK_CAPTURE_AUTORELEASING = YES;
				CLANG_WARN_BOOL_CONVERSION = YES;
				CLANG_WARN_COMMA = YES;
				CLANG_WARN_CONSTANT_CONVERSION = YES;
				CLANG_WARN_DEPRECATED_OBJC_IMPLEMENTATIONS = YES;
				CLANG_WARN_DIRECT_OBJC_ISA_USAGE = YES_ERROR;
				CLANG_WARN_DOCUMENTATION_COMMENTS = YES;
				CLANG_WARN_EMPTY_BODY = YES;
				CLANG_WARN_ENUM_CONVERSION = YES;
				CLANG_WARN_INFINITE_RECURSION = YES;
				CLANG_WARN_INT_CONVERSION = YES;
				CLANG_WARN_NON_LITERAL_NULL_CONVERSION = YES;
				CLANG_WARN_OBJC_IMPLICIT_RETAIN_SELF = YES;
				CLANG_WARN_OBJC_LITERAL_CONVERSION = YES;
				CLANG_WARN_OBJC_ROOT_CLASS = YES_ERROR;
				CLANG_WARN_QUOTED_INCLUDE_IN_FRAMEWORK_HEADER = YES;
				CLANG_WARN_RANGE_LOOP_ANALYSIS = YES;
				CLANG_WARN_STRICT_PROTOTYPES = YES;
				CLANG_WARN_SUSPICIOUS_MOVE = YES;
				CLANG_WARN_UNGUARDED_AVAILABILITY = YES_AGGRESSIVE;
				CLANG_WARN_UNREACHABLE_CODE = YES;
				CLANG_WARN__DUPLICATE_METHOD_MATCH = YES;
				COPY_PHASE_STRIP = NO;
				DEBUG_INFORMATION_FORMAT = dwarf;
				ENABLE_STRICT_OBJC_MSGSEND = YES;
				ENABLE_TESTABILITY = YES;
				GCC_C_LANGUAGE_STANDARD = gnu11;
				GCC_DYNAMIC_NO_PIC = NO;
				GCC_NO_COMMON_BLOCKS = YES;
				GCC_OPTIMIZATION_LEVEL = 0;
				GCC_PREPROCESSOR_DEFINITIONS = (
					"DEBUG=1",
					"$(inherited)",
				);
				GCC_WARN_64_TO_32_BIT_CONVERSION = YES;
				GCC_WARN_ABOUT_RETURN_TYPE = YES_ERROR;
				GCC_WARN_UNDECLARED_SELECTOR = YES;
				GCC_WARN_UNINITIALIZED_AUTOS = YES_AGGRESSIVE;
				GCC_WARN_UNUSED_FUNCTION = YES;
				GCC_WARN_UNUSED_VARIABLE = YES;
				MTL_ENABLE_DEBUG_INFO = INCLUDE_SOURCE;
				MTL_FAST_MATH = YES;
				ONLY_ACTIVE_ARCH = YES;
				SWIFT_ACTIVE_COMPILATION_CONDITIONS = DEBUG;
				SWIFT_OPTIMIZATION_LEVEL = "-Onone";
			};
			name = Debug;
		};
		332FA1742566B3A200D0957A /* Release */ = {
			isa = XCBuildConfiguration;
			buildSettings = {
				ALWAYS_SEARCH_USER_PATHS = NO;
				CLANG_ANALYZER_NONNULL = YES;
				CLANG_ANALYZER_NUMBER_OBJECT_CONVERSION = YES_AGGRESSIVE;
				CLANG_CXX_LANGUAGE_STANDARD = "gnu++14";
				CLANG_CXX_LIBRARY = "libc++";
				CLANG_ENABLE_MODULES = YES;
				CLANG_ENABLE_OBJC_ARC = YES;
				CLANG_ENABLE_OBJC_WEAK = YES;
				CLANG_WARN_BLOCK_CAPTURE_AUTORELEASING = YES;
				CLANG_WARN_BOOL_CONVERSION = YES;
				CLANG_WARN_COMMA = YES;
				CLANG_WARN_CONSTANT_CONVERSION = YES;
				CLANG_WARN_DEPRECATED_OBJC_IMPLEMENTATIONS = YES;
				CLANG_WARN_DIRECT_OBJC_ISA_USAGE = YES_ERROR;
				CLANG_WARN_DOCUMENTATION_COMMENTS = YES;
				CLANG_WARN_EMPTY_BODY = YES;
				CLANG_WARN_ENUM_CONVERSION = YES;
				CLANG_WARN_INFINITE_RECURSION = YES;
				CLANG_WARN_INT_CONVERSION = YES;
				CLANG_WARN_NON_LITERAL_NULL_CONVERSION = YES;
				CLANG_WARN_OBJC_IMPLICIT_RETAIN_SELF = YES;
				CLANG_WARN_OBJC_LITERAL_CONVERSION = YES;
				CLANG_WARN_OBJC_ROOT_CLASS = YES_ERROR;
				CLANG_WARN_QUOTED_INCLUDE_IN_FRAMEWORK_HEADER = YES;
				CLANG_WARN_RANGE_LOOP_ANALYSIS = YES;
				CLANG_WARN_STRICT_PROTOTYPES = YES;
				CLANG_WARN_SUSPICIOUS_MOVE = YES;
				CLANG_WARN_UNGUARDED_AVAILABILITY = YES_AGGRESSIVE;
				CLANG_WARN_UNREACHABLE_CODE = YES;
				CLANG_WARN__DUPLICATE_METHOD_MATCH = YES;
				COPY_PHASE_STRIP = NO;
				DEBUG_INFORMATION_FORMAT = "dwarf-with-dsym";
				ENABLE_NS_ASSERTIONS = NO;
				ENABLE_STRICT_OBJC_MSGSEND = YES;
				GCC_C_LANGUAGE_STANDARD = gnu11;
				GCC_NO_COMMON_BLOCKS = YES;
				GCC_WARN_64_TO_32_BIT_CONVERSION = YES;
				GCC_WARN_ABOUT_RETURN_TYPE = YES_ERROR;
				GCC_WARN_UNDECLARED_SELECTOR = YES;
				GCC_WARN_UNINITIALIZED_AUTOS = YES_AGGRESSIVE;
				GCC_WARN_UNUSED_FUNCTION = YES;
				GCC_WARN_UNUSED_VARIABLE = YES;
				MTL_ENABLE_DEBUG_INFO = NO;
				MTL_FAST_MATH = YES;
				SWIFT_COMPILATION_MODE = wholemodule;
				SWIFT_OPTIMIZATION_LEVEL = "-O";
			};
			name = Release;
		};
		332FA1762566B3A200D0957A /* Debug */ = {
			isa = XCBuildConfiguration;
			buildSettings = {
				ASSETCATALOG_COMPILER_APPICON_NAME = AppIcon;
				ASSETCATALOG_COMPILER_GLOBAL_ACCENT_COLOR_NAME = AccentColor;
				CODE_SIGN_STYLE = Automatic;
				DEVELOPMENT_TEAM = X8N3FS592V;
				ENABLE_PREVIEWS = YES;
				INFOPLIST_FILE = iOS/Info.plist;
				IPHONEOS_DEPLOYMENT_TARGET = 14.0;
				LD_RUNPATH_SEARCH_PATHS = (
					"$(inherited)",
					"@executable_path/Frameworks",
				);
				PRODUCT_BUNDLE_IDENTIFIER = natron2244.mtgcubeanalyzer;
				PRODUCT_NAME = mtgcubeanalyzer;
				SDKROOT = iphoneos;
				SWIFT_VERSION = 5.0;
				TARGETED_DEVICE_FAMILY = "1,2";
			};
			name = Debug;
		};
		332FA1772566B3A200D0957A /* Release */ = {
			isa = XCBuildConfiguration;
			buildSettings = {
				ASSETCATALOG_COMPILER_APPICON_NAME = AppIcon;
				ASSETCATALOG_COMPILER_GLOBAL_ACCENT_COLOR_NAME = AccentColor;
				CODE_SIGN_STYLE = Automatic;
				DEVELOPMENT_TEAM = X8N3FS592V;
				ENABLE_PREVIEWS = YES;
				INFOPLIST_FILE = iOS/Info.plist;
				IPHONEOS_DEPLOYMENT_TARGET = 14.0;
				LD_RUNPATH_SEARCH_PATHS = (
					"$(inherited)",
					"@executable_path/Frameworks",
				);
				PRODUCT_BUNDLE_IDENTIFIER = natron2244.mtgcubeanalyzer;
				PRODUCT_NAME = mtgcubeanalyzer;
				SDKROOT = iphoneos;
				SWIFT_VERSION = 5.0;
				TARGETED_DEVICE_FAMILY = "1,2";
				VALIDATE_PRODUCT = YES;
			};
			name = Release;
		};
		332FA1792566B3A200D0957A /* Debug */ = {
			isa = XCBuildConfiguration;
			buildSettings = {
				ASSETCATALOG_COMPILER_APPICON_NAME = AppIcon;
				ASSETCATALOG_COMPILER_GLOBAL_ACCENT_COLOR_NAME = AccentColor;
				CODE_SIGN_ENTITLEMENTS = macOS/macOS.entitlements;
				CODE_SIGN_STYLE = Automatic;
				COMBINE_HIDPI_IMAGES = YES;
				DEVELOPMENT_TEAM = X8N3FS592V;
				ENABLE_HARDENED_RUNTIME = YES;
				ENABLE_PREVIEWS = YES;
				INFOPLIST_FILE = macOS/Info.plist;
				LD_RUNPATH_SEARCH_PATHS = (
					"$(inherited)",
					"@executable_path/../Frameworks",
				);
				MACOSX_DEPLOYMENT_TARGET = 11.0;
				PRODUCT_BUNDLE_IDENTIFIER = natron2244.mtgcubeanalyzer;
				PRODUCT_NAME = mtgcubeanalyzer;
				SDKROOT = macosx;
				SWIFT_VERSION = 5.0;
			};
			name = Debug;
		};
		332FA17A2566B3A200D0957A /* Release */ = {
			isa = XCBuildConfiguration;
			buildSettings = {
				ASSETCATALOG_COMPILER_APPICON_NAME = AppIcon;
				ASSETCATALOG_COMPILER_GLOBAL_ACCENT_COLOR_NAME = AccentColor;
				CODE_SIGN_ENTITLEMENTS = macOS/macOS.entitlements;
				CODE_SIGN_STYLE = Automatic;
				COMBINE_HIDPI_IMAGES = YES;
				DEVELOPMENT_TEAM = X8N3FS592V;
				ENABLE_HARDENED_RUNTIME = YES;
				ENABLE_PREVIEWS = YES;
				INFOPLIST_FILE = macOS/Info.plist;
				LD_RUNPATH_SEARCH_PATHS = (
					"$(inherited)",
					"@executable_path/../Frameworks",
				);
				MACOSX_DEPLOYMENT_TARGET = 11.0;
				PRODUCT_BUNDLE_IDENTIFIER = natron2244.mtgcubeanalyzer;
				PRODUCT_NAME = mtgcubeanalyzer;
				SDKROOT = macosx;
				SWIFT_VERSION = 5.0;
			};
			name = Release;
		};
		332FA17C2566B3A200D0957A /* Debug */ = {
			isa = XCBuildConfiguration;
			buildSettings = {
				ALWAYS_EMBED_SWIFT_STANDARD_LIBRARIES = YES;
				CODE_SIGN_STYLE = Automatic;
				DEVELOPMENT_TEAM = X8N3FS592V;
				INFOPLIST_FILE = "Tests iOS/Info.plist";
				IPHONEOS_DEPLOYMENT_TARGET = 14.2;
				LD_RUNPATH_SEARCH_PATHS = (
					"$(inherited)",
					"@executable_path/Frameworks",
					"@loader_path/Frameworks",
				);
				PRODUCT_BUNDLE_IDENTIFIER = "natron2244.Tests-iOS";
				PRODUCT_NAME = "$(TARGET_NAME)";
				SDKROOT = iphoneos;
				SWIFT_VERSION = 5.0;
				TARGETED_DEVICE_FAMILY = "1,2";
				TEST_TARGET_NAME = "mtgcubeanalyzer (iOS)";
			};
			name = Debug;
		};
		332FA17D2566B3A200D0957A /* Release */ = {
			isa = XCBuildConfiguration;
			buildSettings = {
				ALWAYS_EMBED_SWIFT_STANDARD_LIBRARIES = YES;
				CODE_SIGN_STYLE = Automatic;
				DEVELOPMENT_TEAM = X8N3FS592V;
				INFOPLIST_FILE = "Tests iOS/Info.plist";
				IPHONEOS_DEPLOYMENT_TARGET = 14.2;
				LD_RUNPATH_SEARCH_PATHS = (
					"$(inherited)",
					"@executable_path/Frameworks",
					"@loader_path/Frameworks",
				);
				PRODUCT_BUNDLE_IDENTIFIER = "natron2244.Tests-iOS";
				PRODUCT_NAME = "$(TARGET_NAME)";
				SDKROOT = iphoneos;
				SWIFT_VERSION = 5.0;
				TARGETED_DEVICE_FAMILY = "1,2";
				TEST_TARGET_NAME = "mtgcubeanalyzer (iOS)";
				VALIDATE_PRODUCT = YES;
			};
			name = Release;
		};
		332FA17F2566B3A200D0957A /* Debug */ = {
			isa = XCBuildConfiguration;
			buildSettings = {
				ALWAYS_EMBED_SWIFT_STANDARD_LIBRARIES = YES;
				CODE_SIGN_STYLE = Automatic;
				COMBINE_HIDPI_IMAGES = YES;
				DEVELOPMENT_TEAM = X8N3FS592V;
				INFOPLIST_FILE = "Tests macOS/Info.plist";
				LD_RUNPATH_SEARCH_PATHS = (
					"$(inherited)",
					"@executable_path/../Frameworks",
					"@loader_path/../Frameworks",
				);
				MACOSX_DEPLOYMENT_TARGET = 10.15;
				PRODUCT_BUNDLE_IDENTIFIER = "natron2244.Tests-macOS";
				PRODUCT_NAME = "$(TARGET_NAME)";
				SDKROOT = macosx;
				SWIFT_VERSION = 5.0;
				TEST_TARGET_NAME = "mtgcubeanalyzer (macOS)";
			};
			name = Debug;
		};
		332FA1802566B3A200D0957A /* Release */ = {
			isa = XCBuildConfiguration;
			buildSettings = {
				ALWAYS_EMBED_SWIFT_STANDARD_LIBRARIES = YES;
				CODE_SIGN_STYLE = Automatic;
				COMBINE_HIDPI_IMAGES = YES;
				DEVELOPMENT_TEAM = X8N3FS592V;
				INFOPLIST_FILE = "Tests macOS/Info.plist";
				LD_RUNPATH_SEARCH_PATHS = (
					"$(inherited)",
					"@executable_path/../Frameworks",
					"@loader_path/../Frameworks",
				);
				MACOSX_DEPLOYMENT_TARGET = 10.15;
				PRODUCT_BUNDLE_IDENTIFIER = "natron2244.Tests-macOS";
				PRODUCT_NAME = "$(TARGET_NAME)";
				SDKROOT = macosx;
				SWIFT_VERSION = 5.0;
				TEST_TARGET_NAME = "mtgcubeanalyzer (macOS)";
			};
			name = Release;
		};
/* End XCBuildConfiguration section */

/* Begin XCConfigurationList section */
		332FA1422566B39F00D0957A /* Build configuration list for PBXProject "mtgcubeanalyzer" */ = {
			isa = XCConfigurationList;
			buildConfigurations = (
				332FA1732566B3A200D0957A /* Debug */,
				332FA1742566B3A200D0957A /* Release */,
			);
			defaultConfigurationIsVisible = 0;
			defaultConfigurationName = Release;
		};
		332FA1752566B3A200D0957A /* Build configuration list for PBXNativeTarget "mtgcubeanalyzer (iOS)" */ = {
			isa = XCConfigurationList;
			buildConfigurations = (
				332FA1762566B3A200D0957A /* Debug */,
				332FA1772566B3A200D0957A /* Release */,
			);
			defaultConfigurationIsVisible = 0;
			defaultConfigurationName = Release;
		};
		332FA1782566B3A200D0957A /* Build configuration list for PBXNativeTarget "mtgcubeanalyzer (macOS)" */ = {
			isa = XCConfigurationList;
			buildConfigurations = (
				332FA1792566B3A200D0957A /* Debug */,
				332FA17A2566B3A200D0957A /* Release */,
			);
			defaultConfigurationIsVisible = 0;
			defaultConfigurationName = Release;
		};
		332FA17B2566B3A200D0957A /* Build configuration list for PBXNativeTarget "Tests iOS" */ = {
			isa = XCConfigurationList;
			buildConfigurations = (
				332FA17C2566B3A200D0957A /* Debug */,
				332FA17D2566B3A200D0957A /* Release */,
			);
			defaultConfigurationIsVisible = 0;
			defaultConfigurationName = Release;
		};
		332FA17E2566B3A200D0957A /* Build configuration list for PBXNativeTarget "Tests macOS" */ = {
			isa = XCConfigurationList;
			buildConfigurations = (
				332FA17F2566B3A200D0957A /* Debug */,
				332FA1802566B3A200D0957A /* Release */,
			);
			defaultConfigurationIsVisible = 0;
			defaultConfigurationName = Release;
		};
/* End XCConfigurationList section */
	};
	rootObject = 332FA13F2566B39F00D0957A /* Project object */;
}
